{
    "name": "e-commerce_iti",
    "version": "1.0.0",
    "lockfileVersion": 2,
    "requires": true,
    "packages": {
        "": {
            "name": "e-commerce_iti",
            "version": "1.0.0",
            "license": "ISC",
            "dependencies": {
                "@fortawesome/fontawesome-free": "^6.2.1",
                "@splidejs/splide": "^4.1.4",
                "animate.css": "^4.1.1",
                "bootstrap": "^5.2.3",
                "intl-tel-input": "^17.0.19",
                "jquery": "^3.6.2",
                "owl.carousel": "^2.3.4"
            }
        },
        "node_modules/@fortawesome/fontawesome-free": {
            "version": "6.2.1",
            "resolved": "https://registry.npmjs.org/@fortawesome/fontawesome-free/-/fontawesome-free-6.2.1.tgz",
            "integrity": "sha512-viouXhegu/TjkvYQoiRZK3aax69dGXxgEjpvZW81wIJdxm5Fnvp3VVIP4VHKqX4SvFw6qpmkILkD4RJWAdrt7A==",
            "hasInstallScript": true,
            "engines": {
                "node": ">=6"
            }
        },
        "node_modules/@popperjs/core": {
            "version": "2.11.6",
            "resolved": "https://registry.npmjs.org/@popperjs/core/-/core-2.11.6.tgz",
            "integrity": "sha512-50/17A98tWUfQ176raKiOGXuYpLyyVMkxxG6oylzL3BPOlA6ADGdK7EYunSa4I064xerltq9TGXs8HmOk5E+vw==",
            "peer": true,
            "funding": {
                "type": "opencollective",
                "url": "https://opencollective.com/popperjs"
            }
        },
        "node_modules/@splidejs/splide": {
            "version": "4.1.4",
            "resolved": "https://registry.npmjs.org/@splidejs/splide/-/splide-4.1.4.tgz",
            "integrity": "sha512-5I30evTJcAJQXt6vJ26g2xEkG+l1nXcpEw4xpKh0/FWQ8ozmAeTbtniVtVmz2sH1Es3vgfC4SS8B2X4o5JMptA=="
        },
        "node_modules/animate.css": {
            "version": "4.1.1",
            "resolved": "https://registry.npmjs.org/animate.css/-/animate.css-4.1.1.tgz",
            "integrity": "sha512-+mRmCTv6SbCmtYJCN4faJMNFVNN5EuCTTprDTAo7YzIGji2KADmakjVA3+8mVDkZ2Bf09vayB35lSQIex2+QaQ=="
        },
        "node_modules/bootstrap": {
            "version": "5.2.3",
            "resolved": "https://registry.npmjs.org/bootstrap/-/bootstrap-5.2.3.tgz",
            "integrity": "sha512-cEKPM+fwb3cT8NzQZYEu4HilJ3anCrWqh3CHAok1p9jXqMPsPTBhU25fBckEJHJ/p+tTxTFTsFQGM+gaHpi3QQ==",
            "funding": [
                {
                    "type": "github",
                    "url": "https://github.com/sponsors/twbs"
                },
                {
                    "type": "opencollective",
                    "url": "https://opencollective.com/bootstrap"
                }
            ],
            "peerDependencies": {
                "@popperjs/core": "^2.11.6"
            }
        },
        "node_modules/intl-tel-input": {
            "version": "17.0.19",
            "resolved": "https://registry.npmjs.org/intl-tel-input/-/intl-tel-input-17.0.19.tgz",
            "integrity": "sha512-GBNoUT4JVgm2e1N+yFMaBQ24g5EQfZhDznGneCM9IEZwfKsMUAUa1dS+v0wOiKpRAZ5IPNLJMIEEFGgqlCI22A=="
        },
        "node_modules/jquery": {
            "version": "3.6.2",
            "resolved": "https://registry.npmjs.org/jquery/-/jquery-3.6.2.tgz",
            "integrity": "sha512-/e7ulNIEEYk1Z/l4X0vpxGt+B/dNsV8ghOPAWZaJs8pkGvsSC0tm33aMGylXcj/U7y4IcvwtMXPMyBFZn/gK9A=="
        },
        "node_modules/owl.carousel": {
            "version": "2.3.4",
            "resolved": "https://registry.npmjs.org/owl.carousel/-/owl.carousel-2.3.4.tgz",
            "integrity": "sha512-JaDss9+feAvEW8KZppPSpllfposEzQiW+Ytt/Xm5t/3CTJ7YVmkh6RkWixoA2yXk2boIwedYxOvrrppIGzru9A==",
            "dependencies": {
                "jquery": ">=1.8.3"
            }
        }
    },
    "dependencies": {
        "@fortawesome/fontawesome-free": {
            "version": "6.2.1",
            "resolved": "https://registry.npmjs.org/@fortawesome/fontawesome-free/-/fontawesome-free-6.2.1.tgz",
            "integrity": "sha512-viouXhegu/TjkvYQoiRZK3aax69dGXxgEjpvZW81wIJdxm5Fnvp3VVIP4VHKqX4SvFw6qpmkILkD4RJWAdrt7A=="
        },
        "@popperjs/core": {
            "version": "2.11.6",
            "resolved": "https://registry.npmjs.org/@popperjs/core/-/core-2.11.6.tgz",
            "integrity": "sha512-50/17A98tWUfQ176raKiOGXuYpLyyVMkxxG6oylzL3BPOlA6ADGdK7EYunSa4I064xerltq9TGXs8HmOk5E+vw==",
            "peer": true
        },
        "@splidejs/splide": {
            "version": "4.1.4",
            "resolved": "https://registry.npmjs.org/@splidejs/splide/-/splide-4.1.4.tgz",
            "integrity": "sha512-5I30evTJcAJQXt6vJ26g2xEkG+l1nXcpEw4xpKh0/FWQ8ozmAeTbtniVtVmz2sH1Es3vgfC4SS8B2X4o5JMptA=="
        },
        "animate.css": {
            "version": "4.1.1",
            "resolved": "https://registry.npmjs.org/animate.css/-/animate.css-4.1.1.tgz",
            "integrity": "sha512-+mRmCTv6SbCmtYJCN4faJMNFVNN5EuCTTprDTAo7YzIGji2KADmakjVA3+8mVDkZ2Bf09vayB35lSQIex2+QaQ=="
        },
        "bootstrap": {
            "version": "5.2.3",
            "resolved": "https://registry.npmjs.org/bootstrap/-/bootstrap-5.2.3.tgz",
            "integrity": "sha512-cEKPM+fwb3cT8NzQZYEu4HilJ3anCrWqh3CHAok1p9jXqMPsPTBhU25fBckEJHJ/p+tTxTFTsFQGM+gaHpi3QQ==",
            "requires": {}
        },
        "intl-tel-input": {
            "version": "17.0.19",
            "resolved": "https://registry.npmjs.org/intl-tel-input/-/intl-tel-input-17.0.19.tgz",
            "integrity": "sha512-GBNoUT4JVgm2e1N+yFMaBQ24g5EQfZhDznGneCM9IEZwfKsMUAUa1dS+v0wOiKpRAZ5IPNLJMIEEFGgqlCI22A=="
        },
        "jquery": {
            "version": "3.6.2",
            "resolved": "https://registry.npmjs.org/jquery/-/jquery-3.6.2.tgz",
            "integrity": "sha512-/e7ulNIEEYk1Z/l4X0vpxGt+B/dNsV8ghOPAWZaJs8pkGvsSC0tm33aMGylXcj/U7y4IcvwtMXPMyBFZn/gK9A=="
        },
        "owl.carousel": {
            "version": "2.3.4",
            "resolved": "https://registry.npmjs.org/owl.carousel/-/owl.carousel-2.3.4.tgz",
            "integrity": "sha512-JaDss9+feAvEW8KZppPSpllfposEzQiW+Ytt/Xm5t/3CTJ7YVmkh6RkWixoA2yXk2boIwedYxOvrrppIGzru9A==",
            "requires": {
                "jquery": ">=1.8.3"
            }
        }
    }
}
